
Microsoft Visual Studio Solution File, Format Version 10.00
# Visual Studio 2008
Project("{8BC9CEB8-8B4A-11D0-8D11-00A0C91BC942}") = "PathPlaning", "PathPlaning\PathPlaning.vcproj", "{229F6428-D5E2-41B7-922F-EDA7D6D57B75}"
EndProject
Global
	GlobalSection(SolutionConfigurationPlatforms) = preSolution
		Debug|Win32 = Debug|Win32
		Release|Win32 = Release|Win32
	EndGlobalSection
	GlobalSection(ProjectConfigurationPlatforms) = postSolution
		{229F6428-D5E2-41B7-922F-EDA7D6D57B75}.Debug|Win32.ActiveCfg = Debug|Win32
		{229F6428-D5E2-41B7-922F-EDA7D6D57B75}.Debug|Win32.Build.0 = Debug|Win32
		{229F6428-D5E2-41B7-922F-EDA7D6D57B75}.Release|Win32.ActiveCfg = Release|Win32
		{229F6428-D5E2-41B7-922F-EDA7D6D57B75}.Release|Win32.Build.0 = Release|Win32
	EndGlobalSection
	GlobalSection(SolutionProperties) = preSolution
		HideSolutionNode = FALSE
	EndGlobalSection
EndGlobal
